
Microsoft Visual Studio Solution File, Format Version 12.00
# Visual Studio 15
VisualStudioVersion = 15.0.27004.2009
MinimumVisualStudioVersion = 10.0.40219.1
Project("{2150E333-8FDC-42A3-9474-1A3956D46DE8}") = "Web", "Web", "{A655B085-1A1A-47FD-AB1D-0001BE58F77D}"
EndProject
Project("{9A19103F-16F7-4668-BE54-9A1E7A4F7556}") = "ChristmasMothers.Web.Api", "ChristmasMothers.Web.Api\ChristmasMothers.Web.Api.csproj", "{D0037B68-FDF2-4409-8BF5-80B1B2147C59}"
EndProject
Project("{9A19103F-16F7-4668-BE54-9A1E7A4F7556}") = "ChristmasMothers.Web.Application", "ChristmasMothers.Web.Application\ChristmasMothers.Web.Application.csproj", "{96162DFA-CB0A-417C-9D43-0545A731CE77}"
EndProject
Project("{9A19103F-16F7-4668-BE54-9A1E7A4F7556}") = "ChristmasMothers.Web.Api.V1", "ChristmasMothers.Web.Api.V1\ChristmasMothers.Web.Api.V1.csproj", "{5A4D6934-8360-46A6-A112-5DBA196CADEB}"
EndProject
Project("{2150E333-8FDC-42A3-9474-1A3956D46DE8}") = "Common", "Common", "{A654D2BA-A086-4E44-858F-BD99C645FA06}"
EndProject
Project("{2150E333-8FDC-42A3-9474-1A3956D46DE8}") = "Files", "Files", "{A3DE33A7-5FAC-48BF-AE51-E251620C9682}"
	ProjectSection(SolutionItems) = preProject
		.gitignore = .gitignore
		readme.md = readme.md
	EndProjectSection
EndProject
Project("{2150E333-8FDC-42A3-9474-1A3956D46DE8}") = "Dal", "Dal", "{C00A2C75-E618-454C-9E75-5FFC4CE3CBB3}"
EndProject
Project("{9A19103F-16F7-4668-BE54-9A1E7A4F7556}") = "ChristmasMothers.Dal", "ChristmasMothers.Dal\ChristmasMothers.Dal.csproj", "{814F6D56-29D3-417E-B38F-3DE4BC6754F8}"
EndProject
Project("{9A19103F-16F7-4668-BE54-9A1E7A4F7556}") = "ChristmasMothers.Dal.EntityFramework", "ChristmasMothers.Dal.EntityFramework\ChristmasMothers.Dal.EntityFramework.csproj", "{552A5A65-77BF-420D-9EA9-E9CE42B1410B}"
EndProject
Project("{9A19103F-16F7-4668-BE54-9A1E7A4F7556}") = "ChristmasMothers.Entities", "ChristmasMothers.Entities\ChristmasMothers.Entities.csproj", "{BB92A9DE-3E12-4087-83F1-446B16454874}"
EndProject
Project("{2150E333-8FDC-42A3-9474-1A3956D46DE8}") = "Migrations", "Migrations", "{4E3FB012-6906-4FB2-8D12-423E7BA020D7}"
EndProject
Project("{9A19103F-16F7-4668-BE54-9A1E7A4F7556}") = "ChristmasMothers.Web.Api.V2", "ChristmasMothers.Web.Api.V2\ChristmasMothers.Web.Api.V2.csproj", "{EF9607A8-5194-4035-81BC-3E09F509C8B2}"
EndProject
Project("{9A19103F-16F7-4668-BE54-9A1E7A4F7556}") = "ChristmasMothers.Dal.EntityFramework.SqlServer", "ChristmasMothers.Dal.EntityFramework.SqlServer\ChristmasMothers.Dal.EntityFramework.SqlServer.csproj", "{F0AA93A8-6FF8-48E3-A6A1-358880B29DFA}"
EndProject
Project("{2150E333-8FDC-42A3-9474-1A3956D46DE8}") = "Tests", "Tests", "{BF064118-6450-4E03-99A9-7FF5BCFB1EB1}"
EndProject
Project("{9A19103F-16F7-4668-BE54-9A1E7A4F7556}") = "ChristmasMothers.Dal.EntityFramework.Tests", "ChristmasMothers.Dal.EntityFramework.Tests\ChristmasMothers.Dal.EntityFramework.Tests.csproj", "{62800A0B-2804-4339-BD1A-A520802D53E0}"
EndProject
Project("{2150E333-8FDC-42A3-9474-1A3956D46DE8}") = "Business", "Business", "{D30CE7A3-CB4A-4DAC-97AE-0B144DB2D67F}"
EndProject
Project("{9A19103F-16F7-4668-BE54-9A1E7A4F7556}") = "ChristmasMothers.Business", "ChristmasMothers.Business\ChristmasMothers.Business.csproj", "{0DDB9B3B-FB27-4BFA-95D6-6A6A88A67B37}"
EndProject
Project("{9A19103F-16F7-4668-BE54-9A1E7A4F7556}") = "ChristmasMothers.Business.Tests", "ChristmasMothers.Business.Tests\ChristmasMothers.Business.Tests.csproj", "{8094111D-A72D-4257-8162-05D510D6FFDE}"
EndProject
Project("{9A19103F-16F7-4668-BE54-9A1E7A4F7556}") = "ChristmasMothers.Web.Api.V2.Tests", "ChristmasMothers.Web.Api.V2.Tests\ChristmasMothers.Web.Api.V2.Tests.csproj", "{C12784A2-945D-4ADD-A88F-B9F390F26DFD}"
EndProject
Project("{9A19103F-16F7-4668-BE54-9A1E7A4F7556}") = "ChristmasMothers.Web.Api.Private", "ChristmasMothers.Web.Api.Private\ChristmasMothers.Web.Api.Private.csproj", "{B5D2E6E3-84EB-414D-9127-6C63F6D7C8C8}"
EndProject
Project("{9A19103F-16F7-4668-BE54-9A1E7A4F7556}") = "ChristmasMothers.Web.Api.Private.Tests", "ChristmasMothers.Web.Api.Private.Tests\ChristmasMothers.Web.Api.Private.Tests.csproj", "{F9DD572C-71F8-4E38-96FA-AAAA81877700}"
EndProject
Project("{9A19103F-16F7-4668-BE54-9A1E7A4F7556}") = "ChristmasMothers.Web.Api.Tests", "ChristmasMothers.Web.Api.Tests\ChristmasMothers.Web.Api.Tests.csproj", "{CF55B6DE-9771-4B3A-BDE4-DDDF6234947D}"
EndProject
Project("{9A19103F-16F7-4668-BE54-9A1E7A4F7556}") = "ChristmasMothers", "ChristmasMothers\ChristmasMothers.csproj", "{3272811E-B214-4A1B-ADC2-7E02509EF872}"
EndProject
Global
	GlobalSection(SolutionConfigurationPlatforms) = preSolution
		Debug|Any CPU = Debug|Any CPU
		Release|Any CPU = Release|Any CPU
	EndGlobalSection
	GlobalSection(ProjectConfigurationPlatforms) = postSolution
		{D0037B68-FDF2-4409-8BF5-80B1B2147C59}.Debug|Any CPU.ActiveCfg = Debug|Any CPU
		{D0037B68-FDF2-4409-8BF5-80B1B2147C59}.Debug|Any CPU.Build.0 = Debug|Any CPU
		{D0037B68-FDF2-4409-8BF5-80B1B2147C59}.Release|Any CPU.ActiveCfg = Release|Any CPU
		{D0037B68-FDF2-4409-8BF5-80B1B2147C59}.Release|Any CPU.Build.0 = Release|Any CPU
		{96162DFA-CB0A-417C-9D43-0545A731CE77}.Debug|Any CPU.ActiveCfg = Debug|Any CPU
		{96162DFA-CB0A-417C-9D43-0545A731CE77}.Debug|Any CPU.Build.0 = Debug|Any CPU
		{96162DFA-CB0A-417C-9D43-0545A731CE77}.Release|Any CPU.ActiveCfg = Release|Any CPU
		{96162DFA-CB0A-417C-9D43-0545A731CE77}.Release|Any CPU.Build.0 = Release|Any CPU
		{5A4D6934-8360-46A6-A112-5DBA196CADEB}.Debug|Any CPU.ActiveCfg = Debug|Any CPU
		{5A4D6934-8360-46A6-A112-5DBA196CADEB}.Debug|Any CPU.Build.0 = Debug|Any CPU
		{5A4D6934-8360-46A6-A112-5DBA196CADEB}.Release|Any CPU.ActiveCfg = Release|Any CPU
		{5A4D6934-8360-46A6-A112-5DBA196CADEB}.Release|Any CPU.Build.0 = Release|Any CPU
		{814F6D56-29D3-417E-B38F-3DE4BC6754F8}.Debug|Any CPU.ActiveCfg = Debug|Any CPU
		{814F6D56-29D3-417E-B38F-3DE4BC6754F8}.Debug|Any CPU.Build.0 = Debug|Any CPU
		{814F6D56-29D3-417E-B38F-3DE4BC6754F8}.Release|Any CPU.ActiveCfg = Release|Any CPU
		{814F6D56-29D3-417E-B38F-3DE4BC6754F8}.Release|Any CPU.Build.0 = Release|Any CPU
		{552A5A65-77BF-420D-9EA9-E9CE42B1410B}.Debug|Any CPU.ActiveCfg = Debug|Any CPU
		{552A5A65-77BF-420D-9EA9-E9CE42B1410B}.Debug|Any CPU.Build.0 = Debug|Any CPU
		{552A5A65-77BF-420D-9EA9-E9CE42B1410B}.Release|Any CPU.ActiveCfg = Release|Any CPU
		{552A5A65-77BF-420D-9EA9-E9CE42B1410B}.Release|Any CPU.Build.0 = Release|Any CPU
		{BB92A9DE-3E12-4087-83F1-446B16454874}.Debug|Any CPU.ActiveCfg = Debug|Any CPU
		{BB92A9DE-3E12-4087-83F1-446B16454874}.Debug|Any CPU.Build.0 = Debug|Any CPU
		{BB92A9DE-3E12-4087-83F1-446B16454874}.Release|Any CPU.ActiveCfg = Release|Any CPU
		{BB92A9DE-3E12-4087-83F1-446B16454874}.Release|Any CPU.Build.0 = Release|Any CPU
		{EF9607A8-5194-4035-81BC-3E09F509C8B2}.Debug|Any CPU.ActiveCfg = Debug|Any CPU
		{EF9607A8-5194-4035-81BC-3E09F509C8B2}.Debug|Any CPU.Build.0 = Debug|Any CPU
		{EF9607A8-5194-4035-81BC-3E09F509C8B2}.Release|Any CPU.ActiveCfg = Release|Any CPU
		{EF9607A8-5194-4035-81BC-3E09F509C8B2}.Release|Any CPU.Build.0 = Release|Any CPU
		{F0AA93A8-6FF8-48E3-A6A1-358880B29DFA}.Debug|Any CPU.ActiveCfg = Debug|Any CPU
		{F0AA93A8-6FF8-48E3-A6A1-358880B29DFA}.Debug|Any CPU.Build.0 = Debug|Any CPU
		{F0AA93A8-6FF8-48E3-A6A1-358880B29DFA}.Release|Any CPU.ActiveCfg = Release|Any CPU
		{F0AA93A8-6FF8-48E3-A6A1-358880B29DFA}.Release|Any CPU.Build.0 = Release|Any CPU
		{62800A0B-2804-4339-BD1A-A520802D53E0}.Debug|Any CPU.ActiveCfg = Debug|Any CPU
		{62800A0B-2804-4339-BD1A-A520802D53E0}.Debug|Any CPU.Build.0 = Debug|Any CPU
		{62800A0B-2804-4339-BD1A-A520802D53E0}.Release|Any CPU.ActiveCfg = Release|Any CPU
		{62800A0B-2804-4339-BD1A-A520802D53E0}.Release|Any CPU.Build.0 = Release|Any CPU
		{0DDB9B3B-FB27-4BFA-95D6-6A6A88A67B37}.Debug|Any CPU.ActiveCfg = Debug|Any CPU
		{0DDB9B3B-FB27-4BFA-95D6-6A6A88A67B37}.Debug|Any CPU.Build.0 = Debug|Any CPU
		{0DDB9B3B-FB27-4BFA-95D6-6A6A88A67B37}.Release|Any CPU.ActiveCfg = Release|Any CPU
		{0DDB9B3B-FB27-4BFA-95D6-6A6A88A67B37}.Release|Any CPU.Build.0 = Release|Any CPU
		{8094111D-A72D-4257-8162-05D510D6FFDE}.Debug|Any CPU.ActiveCfg = Debug|Any CPU
		{8094111D-A72D-4257-8162-05D510D6FFDE}.Debug|Any CPU.Build.0 = Debug|Any CPU
		{8094111D-A72D-4257-8162-05D510D6FFDE}.Release|Any CPU.ActiveCfg = Release|Any CPU
		{8094111D-A72D-4257-8162-05D510D6FFDE}.Release|Any CPU.Build.0 = Release|Any CPU
		{C12784A2-945D-4ADD-A88F-B9F390F26DFD}.Debug|Any CPU.ActiveCfg = Debug|Any CPU
		{C12784A2-945D-4ADD-A88F-B9F390F26DFD}.Debug|Any CPU.Build.0 = Debug|Any CPU
		{C12784A2-945D-4ADD-A88F-B9F390F26DFD}.Release|Any CPU.ActiveCfg = Release|Any CPU
		{C12784A2-945D-4ADD-A88F-B9F390F26DFD}.Release|Any CPU.Build.0 = Release|Any CPU
		{B5D2E6E3-84EB-414D-9127-6C63F6D7C8C8}.Debug|Any CPU.ActiveCfg = Debug|Any CPU
		{B5D2E6E3-84EB-414D-9127-6C63F6D7C8C8}.Debug|Any CPU.Build.0 = Debug|Any CPU
		{B5D2E6E3-84EB-414D-9127-6C63F6D7C8C8}.Release|Any CPU.ActiveCfg = Release|Any CPU
		{B5D2E6E3-84EB-414D-9127-6C63F6D7C8C8}.Release|Any CPU.Build.0 = Release|Any CPU
		{F9DD572C-71F8-4E38-96FA-AAAA81877700}.Debug|Any CPU.ActiveCfg = Debug|Any CPU
		{F9DD572C-71F8-4E38-96FA-AAAA81877700}.Debug|Any CPU.Build.0 = Debug|Any CPU
		{F9DD572C-71F8-4E38-96FA-AAAA81877700}.Release|Any CPU.ActiveCfg = Release|Any CPU
		{F9DD572C-71F8-4E38-96FA-AAAA81877700}.Release|Any CPU.Build.0 = Release|Any CPU
		{CF55B6DE-9771-4B3A-BDE4-DDDF6234947D}.Debug|Any CPU.ActiveCfg = Debug|Any CPU
		{CF55B6DE-9771-4B3A-BDE4-DDDF6234947D}.Debug|Any CPU.Build.0 = Debug|Any CPU
		{CF55B6DE-9771-4B3A-BDE4-DDDF6234947D}.Release|Any CPU.ActiveCfg = Release|Any CPU
		{CF55B6DE-9771-4B3A-BDE4-DDDF6234947D}.Release|Any CPU.Build.0 = Release|Any CPU
		{3272811E-B214-4A1B-ADC2-7E02509EF872}.Debug|Any CPU.ActiveCfg = Debug|Any CPU
		{3272811E-B214-4A1B-ADC2-7E02509EF872}.Debug|Any CPU.Build.0 = Debug|Any CPU
		{3272811E-B214-4A1B-ADC2-7E02509EF872}.Release|Any CPU.ActiveCfg = Release|Any CPU
		{3272811E-B214-4A1B-ADC2-7E02509EF872}.Release|Any CPU.Build.0 = Release|Any CPU
	EndGlobalSection
	GlobalSection(SolutionProperties) = preSolution
		HideSolutionNode = FALSE
	EndGlobalSection
	GlobalSection(NestedProjects) = preSolution
		{D0037B68-FDF2-4409-8BF5-80B1B2147C59} = {A655B085-1A1A-47FD-AB1D-0001BE58F77D}
		{96162DFA-CB0A-417C-9D43-0545A731CE77} = {A655B085-1A1A-47FD-AB1D-0001BE58F77D}
		{5A4D6934-8360-46A6-A112-5DBA196CADEB} = {A655B085-1A1A-47FD-AB1D-0001BE58F77D}
		{814F6D56-29D3-417E-B38F-3DE4BC6754F8} = {C00A2C75-E618-454C-9E75-5FFC4CE3CBB3}
		{552A5A65-77BF-420D-9EA9-E9CE42B1410B} = {C00A2C75-E618-454C-9E75-5FFC4CE3CBB3}
		{BB92A9DE-3E12-4087-83F1-446B16454874} = {A654D2BA-A086-4E44-858F-BD99C645FA06}
		{4E3FB012-6906-4FB2-8D12-423E7BA020D7} = {C00A2C75-E618-454C-9E75-5FFC4CE3CBB3}
		{EF9607A8-5194-4035-81BC-3E09F509C8B2} = {A655B085-1A1A-47FD-AB1D-0001BE58F77D}
		{F0AA93A8-6FF8-48E3-A6A1-358880B29DFA} = {4E3FB012-6906-4FB2-8D12-423E7BA020D7}
		{62800A0B-2804-4339-BD1A-A520802D53E0} = {BF064118-6450-4E03-99A9-7FF5BCFB1EB1}
		{0DDB9B3B-FB27-4BFA-95D6-6A6A88A67B37} = {D30CE7A3-CB4A-4DAC-97AE-0B144DB2D67F}
		{8094111D-A72D-4257-8162-05D510D6FFDE} = {BF064118-6450-4E03-99A9-7FF5BCFB1EB1}
		{C12784A2-945D-4ADD-A88F-B9F390F26DFD} = {BF064118-6450-4E03-99A9-7FF5BCFB1EB1}
		{B5D2E6E3-84EB-414D-9127-6C63F6D7C8C8} = {A655B085-1A1A-47FD-AB1D-0001BE58F77D}
		{F9DD572C-71F8-4E38-96FA-AAAA81877700} = {BF064118-6450-4E03-99A9-7FF5BCFB1EB1}
		{CF55B6DE-9771-4B3A-BDE4-DDDF6234947D} = {BF064118-6450-4E03-99A9-7FF5BCFB1EB1}
		{3272811E-B214-4A1B-ADC2-7E02509EF872} = {A654D2BA-A086-4E44-858F-BD99C645FA06}
	EndGlobalSection
	GlobalSection(ExtensibilityGlobals) = postSolution
		SolutionGuid = {3AA6DBC6-C576-4E18-BBE5-FBCFEDB7E188}
	EndGlobalSection
	GlobalSection(SolutionConfigurationChristmasMothers) = preSolution
		Debug|Any CPU = Debug|Any CPU
		Release|Any CPU = Release|Any CPU
	EndGlobalSection
	GlobalSection(ProjectConfigurationChristmasMothers) = postSolution
		{D0037B68-FDF2-4409-8BF5-80B1B2147C59}.Debug|Any CPU.ActiveCfg = Debug|Any CPU
		{D0037B68-FDF2-4409-8BF5-80B1B2147C59}.Debug|Any CPU.Build.0 = Debug|Any CPU
		{D0037B68-FDF2-4409-8BF5-80B1B2147C59}.Release|Any CPU.ActiveCfg = Release|Any CPU
		{D0037B68-FDF2-4409-8BF5-80B1B2147C59}.Release|Any CPU.Build.0 = Release|Any CPU
		{96162DFA-CB0A-417C-9D43-0545A731CE77}.Debug|Any CPU.ActiveCfg = Debug|Any CPU
		{96162DFA-CB0A-417C-9D43-0545A731CE77}.Debug|Any CPU.Build.0 = Debug|Any CPU
		{96162DFA-CB0A-417C-9D43-0545A731CE77}.Release|Any CPU.ActiveCfg = Release|Any CPU
		{96162DFA-CB0A-417C-9D43-0545A731CE77}.Release|Any CPU.Build.0 = Release|Any CPU
		{5A4D6934-8360-46A6-A112-5DBA196CADEB}.Debug|Any CPU.ActiveCfg = Debug|Any CPU
		{5A4D6934-8360-46A6-A112-5DBA196CADEB}.Debug|Any CPU.Build.0 = Debug|Any CPU
		{5A4D6934-8360-46A6-A112-5DBA196CADEB}.Release|Any CPU.ActiveCfg = Release|Any CPU
		{5A4D6934-8360-46A6-A112-5DBA196CADEB}.Release|Any CPU.Build.0 = Release|Any CPU
		{814F6D56-29D3-417E-B38F-3DE4BC6754F8}.Debug|Any CPU.ActiveCfg = Debug|Any CPU
		{814F6D56-29D3-417E-B38F-3DE4BC6754F8}.Debug|Any CPU.Build.0 = Debug|Any CPU
		{814F6D56-29D3-417E-B38F-3DE4BC6754F8}.Release|Any CPU.ActiveCfg = Release|Any CPU
		{814F6D56-29D3-417E-B38F-3DE4BC6754F8}.Release|Any CPU.Build.0 = Release|Any CPU
		{552A5A65-77BF-420D-9EA9-E9CE42B1410B}.Debug|Any CPU.ActiveCfg = Debug|Any CPU
		{552A5A65-77BF-420D-9EA9-E9CE42B1410B}.Debug|Any CPU.Build.0 = Debug|Any CPU
		{552A5A65-77BF-420D-9EA9-E9CE42B1410B}.Release|Any CPU.ActiveCfg = Release|Any CPU
		{552A5A65-77BF-420D-9EA9-E9CE42B1410B}.Release|Any CPU.Build.0 = Release|Any CPU
		{893AE883-F37F-47BB-8F3D-317129D8DE58}.Debug|Any CPU.ActiveCfg = Debug|Any CPU
		{893AE883-F37F-47BB-8F3D-317129D8DE58}.Debug|Any CPU.Build.0 = Debug|Any CPU
		{893AE883-F37F-47BB-8F3D-317129D8DE58}.Release|Any CPU.ActiveCfg = Release|Any CPU
		{893AE883-F37F-47BB-8F3D-317129D8DE58}.Release|Any CPU.Build.0 = Release|Any CPU
		{BB92A9DE-3E12-4087-83F1-446B16454874}.Debug|Any CPU.ActiveCfg = Debug|Any CPU
		{BB92A9DE-3E12-4087-83F1-446B16454874}.Debug|Any CPU.Build.0 = Debug|Any CPU
		{BB92A9DE-3E12-4087-83F1-446B16454874}.Release|Any CPU.ActiveCfg = Release|Any CPU
		{BB92A9DE-3E12-4087-83F1-446B16454874}.Release|Any CPU.Build.0 = Release|Any CPU
		{EF9607A8-5194-4035-81BC-3E09F509C8B2}.Debug|Any CPU.ActiveCfg = Debug|Any CPU
		{EF9607A8-5194-4035-81BC-3E09F509C8B2}.Debug|Any CPU.Build.0 = Debug|Any CPU
		{EF9607A8-5194-4035-81BC-3E09F509C8B2}.Release|Any CPU.ActiveCfg = Release|Any CPU
		{EF9607A8-5194-4035-81BC-3E09F509C8B2}.Release|Any CPU.Build.0 = Release|Any CPU
		{6C53ADDD-CC66-4EEF-911B-FE0B0EC7516B}.Debug|Any CPU.ActiveCfg = Debug|Any CPU
		{6C53ADDD-CC66-4EEF-911B-FE0B0EC7516B}.Debug|Any CPU.Build.0 = Debug|Any CPU
		{6C53ADDD-CC66-4EEF-911B-FE0B0EC7516B}.Release|Any CPU.ActiveCfg = Release|Any CPU
		{6C53ADDD-CC66-4EEF-911B-FE0B0EC7516B}.Release|Any CPU.Build.0 = Release|Any CPU
		{F0AA93A8-6FF8-48E3-A6A1-358880B29DFA}.Debug|Any CPU.ActiveCfg = Debug|Any CPU
		{F0AA93A8-6FF8-48E3-A6A1-358880B29DFA}.Debug|Any CPU.Build.0 = Debug|Any CPU
		{F0AA93A8-6FF8-48E3-A6A1-358880B29DFA}.Release|Any CPU.ActiveCfg = Release|Any CPU
		{F0AA93A8-6FF8-48E3-A6A1-358880B29DFA}.Release|Any CPU.Build.0 = Release|Any CPU
		{62800A0B-2804-4339-BD1A-A520802D53E0}.Debug|Any CPU.ActiveCfg = Debug|Any CPU
		{62800A0B-2804-4339-BD1A-A520802D53E0}.Debug|Any CPU.Build.0 = Debug|Any CPU
		{62800A0B-2804-4339-BD1A-A520802D53E0}.Release|Any CPU.ActiveCfg = Release|Any CPU
		{62800A0B-2804-4339-BD1A-A520802D53E0}.Release|Any CPU.Build.0 = Release|Any CPU
		{0DDB9B3B-FB27-4BFA-95D6-6A6A88A67B37}.Debug|Any CPU.ActiveCfg = Debug|Any CPU
		{0DDB9B3B-FB27-4BFA-95D6-6A6A88A67B37}.Debug|Any CPU.Build.0 = Debug|Any CPU
		{0DDB9B3B-FB27-4BFA-95D6-6A6A88A67B37}.Release|Any CPU.ActiveCfg = Release|Any CPU
		{0DDB9B3B-FB27-4BFA-95D6-6A6A88A67B37}.Release|Any CPU.Build.0 = Release|Any CPU
		{8094111D-A72D-4257-8162-05D510D6FFDE}.Debug|Any CPU.ActiveCfg = Debug|Any CPU
		{8094111D-A72D-4257-8162-05D510D6FFDE}.Debug|Any CPU.Build.0 = Debug|Any CPU
		{8094111D-A72D-4257-8162-05D510D6FFDE}.Release|Any CPU.ActiveCfg = Release|Any CPU
		{8094111D-A72D-4257-8162-05D510D6FFDE}.Release|Any CPU.Build.0 = Release|Any CPU
		{C12784A2-945D-4ADD-A88F-B9F390F26DFD}.Debug|Any CPU.ActiveCfg = Debug|Any CPU
		{C12784A2-945D-4ADD-A88F-B9F390F26DFD}.Debug|Any CPU.Build.0 = Debug|Any CPU
		{C12784A2-945D-4ADD-A88F-B9F390F26DFD}.Release|Any CPU.ActiveCfg = Release|Any CPU
		{C12784A2-945D-4ADD-A88F-B9F390F26DFD}.Release|Any CPU.Build.0 = Release|Any CPU
		{B5D2E6E3-84EB-414D-9127-6C63F6D7C8C8}.Debug|Any CPU.ActiveCfg = Debug|Any CPU
		{B5D2E6E3-84EB-414D-9127-6C63F6D7C8C8}.Debug|Any CPU.Build.0 = Debug|Any CPU
		{B5D2E6E3-84EB-414D-9127-6C63F6D7C8C8}.Release|Any CPU.ActiveCfg = Release|Any CPU
		{B5D2E6E3-84EB-414D-9127-6C63F6D7C8C8}.Release|Any CPU.Build.0 = Release|Any CPU
		{F9DD572C-71F8-4E38-96FA-AAAA81877700}.Debug|Any CPU.ActiveCfg = Debug|Any CPU
		{F9DD572C-71F8-4E38-96FA-AAAA81877700}.Debug|Any CPU.Build.0 = Debug|Any CPU
		{F9DD572C-71F8-4E38-96FA-AAAA81877700}.Release|Any CPU.ActiveCfg = Release|Any CPU
		{F9DD572C-71F8-4E38-96FA-AAAA81877700}.Release|Any CPU.Build.0 = Release|Any CPU
		{CF55B6DE-9771-4B3A-BDE4-DDDF6234947D}.Debug|Any CPU.ActiveCfg = Debug|Any CPU
		{CF55B6DE-9771-4B3A-BDE4-DDDF6234947D}.Debug|Any CPU.Build.0 = Debug|Any CPU
		{CF55B6DE-9771-4B3A-BDE4-DDDF6234947D}.Release|Any CPU.ActiveCfg = Release|Any CPU
		{CF55B6DE-9771-4B3A-BDE4-DDDF6234947D}.Release|Any CPU.Build.0 = Release|Any CPU
	EndGlobalSection
EndGlobal
